
Microsoft Visual Studio Solution File, Format Version 12.00
# Visual Studio 15
VisualStudioVersion = 15.0.28307.1231
MinimumVisualStudioVersion = 10.0.40219.1
Project("{F184B08F-C81C-45F6-A57F-5ABD9991F28F}") = "godaddy-Client", "godaddy-Client\godaddy-Client.vbproj", "{DFF07B9A-589E-4C9D-A29D-43265C82C55E}"
EndProject
Global
	GlobalSection(SolutionConfigurationPlatforms) = preSolution
		Debug|Any CPU = Debug|Any CPU
		Release|Any CPU = Release|Any CPU
	EndGlobalSection
	GlobalSection(ProjectConfigurationPlatforms) = postSolution
		{DFF07B9A-589E-4C9D-A29D-43265C82C55E}.Debug|Any CPU.ActiveCfg = Debug|Any CPU
		{DFF07B9A-589E-4C9D-A29D-43265C82C55E}.Debug|Any CPU.Build.0 = Debug|Any CPU
		{DFF07B9A-589E-4C9D-A29D-43265C82C55E}.Release|Any CPU.ActiveCfg = Release|Any CPU
		{DFF07B9A-589E-4C9D-A29D-43265C82C55E}.Release|Any CPU.Build.0 = Release|Any CPU
	EndGlobalSection
	GlobalSection(SolutionProperties) = preSolution
		HideSolutionNode = FALSE
	EndGlobalSection
	GlobalSection(ExtensibilityGlobals) = postSolution
		SolutionGuid = {1B02DE48-C8A1-474B-ADD9-CB1BBFD61712}
	EndGlobalSection
EndGlobal
